
Microsoft Visual Studio Solution File, Format Version 12.00
# Visual Studio Version 16
VisualStudioVersion = 16.0.31205.134
MinimumVisualStudioVersion = 10.0.40219.1
Project("{FAE04EC0-301F-11D3-BF4B-00C04F79EFBC}") = "FigoTracker", "FigoTracker\FigoTracker.csproj", "{E6E72635-3A97-4ED6-BB69-DC83A78A0C43}"
EndProject
Global
	GlobalSection(SolutionConfigurationPlatforms) = preSolution
		Debug|Any CPU = Debug|Any CPU
		Release|Any CPU = Release|Any CPU
	EndGlobalSection
	GlobalSection(ProjectConfigurationPlatforms) = postSolution
		{E6E72635-3A97-4ED6-BB69-DC83A78A0C43}.Debug|Any CPU.ActiveCfg = Debug|Any CPU
		{E6E72635-3A97-4ED6-BB69-DC83A78A0C43}.Debug|Any CPU.Build.0 = Debug|Any CPU
		{E6E72635-3A97-4ED6-BB69-DC83A78A0C43}.Release|Any CPU.ActiveCfg = Release|Any CPU
		{E6E72635-3A97-4ED6-BB69-DC83A78A0C43}.Release|Any CPU.Build.0 = Release|Any CPU
	EndGlobalSection
	GlobalSection(SolutionProperties) = preSolution
		HideSolutionNode = FALSE
	EndGlobalSection
	GlobalSection(ExtensibilityGlobals) = postSolution
		SolutionGuid = {406805F3-9BB0-4C4D-8FDC-E110A8F78883}
	EndGlobalSection
EndGlobal
